{
  "name": "app",
  "lockfileVersion": 3,
  "requires": true,
  "packages": {
    "": {
      "dependencies": {
        "ban-autocomplete-ng": "file:../../dist/ban-autocomplete-ng"
      }
    },
    "../../dist/ban-autocomplete-ng": {
      "version": "1.0.4",
      "dependencies": {
        "tslib": "^2.3.0"
      },
      "peerDependencies": {
        "@angular/common": "^19.1.0",
        "@angular/core": "^19.1.0"
      }
    },
    "node_modules/ban-autocomplete-ng": {
      "resolved": "../../dist/ban-autocomplete-ng",
      "link": true
    }
  }
}
